
Microsoft Visual Studio Solution File, Format Version 12.00
# Visual Studio Version 17
VisualStudioVersion = 17.13.35919.96 d17.13
MinimumVisualStudioVersion = 10.0.40219.1
Project("{FAE04EC0-301F-11D3-BF4B-00C04F79EFBC}") = "Tarefa1", "Tarefa1\Tarefa1.csproj", "{359A4C6C-3579-4064-90CC-E00E0E97B073}"
EndProject
Global
	GlobalSection(SolutionConfigurationPlatforms) = preSolution
		Debug|Any CPU = Debug|Any CPU
		Release|Any CPU = Release|Any CPU
	EndGlobalSection
	GlobalSection(ProjectConfigurationPlatforms) = postSolution
		{359A4C6C-3579-4064-90CC-E00E0E97B073}.Debug|Any CPU.ActiveCfg = Debug|Any CPU
		{359A4C6C-3579-4064-90CC-E00E0E97B073}.Debug|Any CPU.Build.0 = Debug|Any CPU
		{359A4C6C-3579-4064-90CC-E00E0E97B073}.Release|Any CPU.ActiveCfg = Release|Any CPU
		{359A4C6C-3579-4064-90CC-E00E0E97B073}.Release|Any CPU.Build.0 = Release|Any CPU
	EndGlobalSection
	GlobalSection(SolutionProperties) = preSolution
		HideSolutionNode = FALSE
	EndGlobalSection
	GlobalSection(ExtensibilityGlobals) = postSolution
		SolutionGuid = {A669712F-7F0F-497E-8481-AAA2B2F1FA20}
	EndGlobalSection
EndGlobal
